{
    "version": 3,
    "terraform_version": "0.11.14",
    "serial": 2,
    "lineage": "12c5184b-093a-9481-3c4c-46f707414c22",
    "modules": [
        {
            "path": [
                "root"
            ],
            "outputs": {},
            "resources": {
                "aws_vpc.Jenkins": {
                    "type": "aws_vpc",
                    "depends_on": [],
                    "primary": {
                        "id": "vpc-034449d40df862514",
                        "attributes": {
                            "arn": "arn:aws:ec2:us-west-2:050511476431:vpc/vpc-034449d40df862514",
                            "assign_generated_ipv6_cidr_block": "false",
                            "cidr_block": "10.20.0.0/16",
                            "default_network_acl_id": "acl-0f8e997e4dd11cf34",
                            "default_route_table_id": "rtb-02afe9831f354f035",
                            "default_security_group_id": "sg-0b5df9c4ff18fb338",
                            "dhcp_options_id": "dopt-0fb004e68a42a6723",
                            "enable_classiclink": "false",
                            "enable_classiclink_dns_support": "false",
                            "enable_dns_hostnames": "false",
                            "enable_dns_support": "true",
                            "id": "vpc-034449d40df862514",
                            "instance_tenancy": "default",
                            "ipv6_association_id": "",
                            "ipv6_cidr_block": "",
                            "main_route_table_id": "rtb-02afe9831f354f035",
                            "owner_id": "050511476431",
                            "tags.%": "2",
                            "tags.Environment": "default",
                            "tags.Name": "JEnkins-vpc"
                        },
                        "meta": {
                            "schema_version": "1"
                        },
                        "tainted": false
                    },
                    "deposed": [],
                    "provider": "provider.aws"
                }
            },
            "depends_on": []
        }
    ]
}
